github.com/dennwc/inkview v0.3.14 h1:fNqg9xKOU/hVc74pkytIdP0rw9DfAC3rpYXHtZqnXAc=
github.com/dennwc/inkview v0.3.14/go.mod h1:fTNHfljD86KbVfl0MMZIPjfAE1/AtoLxYJiGBKwypSM=
github.com/mattn/go-sqlite3 v1.14.42 h1:MigqEP4ZmHw3aIdIT7T+9TLa90Z6smwcthx+Azv4Cgo=
github.com/mattn/go-sqlite3 v1.14.42/go.mod h1:pjEuOr8IwzLJP2MfGeTb0A35jauH+C2kbHKBr7yXKVQ=
github.com/studio-b12/gowebdav v0.12.0 h1:kFRtQECt8jmVAvA6RHBz3geXUGJHUZA6/IKpOVUs5kM=
github.com/studio-b12/gowebdav v0.12.0/go.mod h1:bHA7t77X/QFExdeAnDzK6vKM34kEZAcE1OX4MfiwjkE=
golang.org/x/net v0.59.0 h1:5zfYln+w5XCxwrnMMJPufRgNoXEaGxl0wo5GqPXyues=
golang.org/x/net v0.59.0/go.mod h1:2DA/G1UfVbCpQPeWTmMPGY7Cs2PkBkwu743bVX5PIVg=
