github.com/dennwc/inkview v0.3.14 h1:fNqg9xKOU/hVc74pkytIdP0rw9DfAC3rpYXHtZqnXAc=
github.com/dennwc/inkview v0.3.14/go.mod h1:fTNHfljD86KbVfl0MMZIPjfAE1/AtoLxYJiGBKwypSM=
github.com/mattn/go-sqlite3 v1.14.52 h1:wVbm2Qnf4OXkqhBTSPuCRZDRnxfbVrrmiCEroVdog8U=
github.com/mattn/go-sqlite3 v1.14.52/go.mod h1:6JTjA44L93a0QCyJef5YvlPoKXntQPjzWv5gtm9sB6w=
github.com/studio-b12/gowebdav v0.13.0 h1:OcwSg6IQHOFNdYHn3bPOHwSE8looG8N56Y5xTT1asqQ=
github.com/studio-b12/gowebdav v0.13.0/go.mod h1:bHA7t77X/QFExdeAnDzK6vKM34kEZAcE1OX4MfiwjkE=
golang.org/x/net v0.59.0 h1:5zfYln+w5XCxwrnMMJPufRgNoXEaGxl0wo5GqPXyues=
golang.org/x/net v0.59.0/go.mod h1:2DA/G1UfVbCpQPeWTmMPGY7Cs2PkBkwu743bVX5PIVg=
